
Microsoft Visual Studio Solution File, Format Version 12.00
# Visual Studio Version 17
VisualStudioVersion = 17.3.32819.101
MinimumVisualStudioVersion = 10.0.40219.1
Project("{FAE04EC0-301F-11D3-BF4B-00C04F79EFBC}") = "RecordCollector", "RecordCollector.csproj", "{FAB314C2-085F-4EA2-87A9-40854A2A7F2F}"
EndProject
Global
	GlobalSection(SolutionConfigurationPlatforms) = preSolution
		Debug|Any CPU = Debug|Any CPU
		Release|Any CPU = Release|Any CPU
	EndGlobalSection
	GlobalSection(ProjectConfigurationPlatforms) = postSolution
		{FAB314C2-085F-4EA2-87A9-40854A2A7F2F}.Debug|Any CPU.ActiveCfg = Debug|Any CPU
		{FAB314C2-085F-4EA2-87A9-40854A2A7F2F}.Debug|Any CPU.Build.0 = Debug|Any CPU
		{FAB314C2-085F-4EA2-87A9-40854A2A7F2F}.Release|Any CPU.ActiveCfg = Release|Any CPU
		{FAB314C2-085F-4EA2-87A9-40854A2A7F2F}.Release|Any CPU.Build.0 = Release|Any CPU
	EndGlobalSection
	GlobalSection(SolutionProperties) = preSolution
		HideSolutionNode = FALSE
	EndGlobalSection
	GlobalSection(ExtensibilityGlobals) = postSolution
		SolutionGuid = {7A73858F-3938-4FD7-90F5-3CF94F2C2EA0}
	EndGlobalSection
EndGlobal
